
Microsoft Visual Studio Solution File, Format Version 12.00
# Visual Studio 15
VisualStudioVersion = 15.0.27703.2042
MinimumVisualStudioVersion = 10.0.40219.1
Project("{9A19103F-16F7-4668-BE54-9A1E7A4F7556}") = "IoTDemo", "IoTDemo\IoTDemo.csproj", "{C5946394-B43B-4EC0-8B4D-CC3280F26886}"
EndProject
Global
	GlobalSection(SolutionConfigurationPlatforms) = preSolution
		Debug|Any CPU = Debug|Any CPU
		Release|Any CPU = Release|Any CPU
	EndGlobalSection
	GlobalSection(ProjectConfigurationPlatforms) = postSolution
		{C5946394-B43B-4EC0-8B4D-CC3280F26886}.Debug|Any CPU.ActiveCfg = Debug|Any CPU
		{C5946394-B43B-4EC0-8B4D-CC3280F26886}.Debug|Any CPU.Build.0 = Debug|Any CPU
		{C5946394-B43B-4EC0-8B4D-CC3280F26886}.Release|Any CPU.ActiveCfg = Release|Any CPU
		{C5946394-B43B-4EC0-8B4D-CC3280F26886}.Release|Any CPU.Build.0 = Release|Any CPU
	EndGlobalSection
	GlobalSection(SolutionProperties) = preSolution
		HideSolutionNode = FALSE
	EndGlobalSection
	GlobalSection(ExtensibilityGlobals) = postSolution
		SolutionGuid = {24270162-D1C8-4948-BA74-7DC44C1786E9}
	EndGlobalSection
EndGlobal
